
Microsoft Visual Studio Solution File, Format Version 12.00
# Visual Studio 15
VisualStudioVersion = 15.0.28307.2092
MinimumVisualStudioVersion = 10.0.40219.1
Project("{2150E333-8FDC-42A3-9474-1A3956D46DE8}") = "Business", "Business", "{E240A4BC-B2FB-4C52-B520-6C1802A75DA4}"
EndProject
Project("{2150E333-8FDC-42A3-9474-1A3956D46DE8}") = "Core", "Core", "{ED956749-4EAA-4377-B5D0-4AE26B019BD6}"
EndProject
Project("{2150E333-8FDC-42A3-9474-1A3956D46DE8}") = "CrossCutting", "CrossCutting", "{998DE335-4324-4FDD-BF5F-FF0736D70973}"
EndProject
Project("{2150E333-8FDC-42A3-9474-1A3956D46DE8}") = "Presenation", "Presenation", "{1DF40701-72FA-4F7B-BD52-BD631F06B192}"
EndProject
Project("{2150E333-8FDC-42A3-9474-1A3956D46DE8}") = "Repositories", "Repositories", "{710B5A1B-0DCA-4611-BD19-124E011165EF}"
EndProject
Project("{2150E333-8FDC-42A3-9474-1A3956D46DE8}") = "SolutionItems", "SolutionItems", "{6387AC75-A37C-4AF7-9F64-1A67EC0934D5}"
EndProject
Project("{FAE04EC0-301F-11D3-BF4B-00C04F79EFBC}") = "Origin.YMC.Business.Components", "Origin.YMC.Business.Components\Origin.YMC.Business.Components.csproj", "{8C67A0E0-B54E-4E6B-A254-CCD25B1780D7}"
EndProject
Project("{FAE04EC0-301F-11D3-BF4B-00C04F79EFBC}") = "Origin.YMC.Core", "Origin.YMC.Core\Origin.YMC.Core.csproj", "{F3E5EF80-3E62-425D-85D8-88D6A6FC8CB0}"
EndProject
Project("{FAE04EC0-301F-11D3-BF4B-00C04F79EFBC}") = "Origin.YMC.CrossCutting.Framework", "Origin.YMC.CrossCutting.Framework\Origin.YMC.CrossCutting.Framework.csproj", "{823BF985-792E-4E63-A147-0EC7AEEA027E}"
EndProject
Project("{FAE04EC0-301F-11D3-BF4B-00C04F79EFBC}") = "Origin.YMC.Repositories", "Origin.YMC.Repositories\Origin.YMC.Repositories.csproj", "{7BD66302-3070-4431-B65D-738BA4BF2406}"
EndProject
Project("{FAE04EC0-301F-11D3-BF4B-00C04F79EFBC}") = "Origin.YMC.Web.Services.Api", "Origin.YMC.Web.Services.Api\Origin.YMC.Web.Services.Api.csproj", "{8C8FA069-14AA-4EBF-B07D-F7531014EC85}"
EndProject
Project("{FAE04EC0-301F-11D3-BF4B-00C04F79EFBC}") = "Origin.YMC.Web.Client", "Origin.YMC.Web.Client\Origin.YMC.Web.Client.csproj", "{49F03F38-A266-4C8C-BA76-81D1B53A1EE4}"
EndProject
Project("{FAE04EC0-301F-11D3-BF4B-00C04F79EFBC}") = "Origin.YMC.Web.Admin", "Origin.YMC.Web.Admin\Origin.YMC.Web.Admin.csproj", "{F2F85FF6-E6E7-4F3E-BDF0-79655002208E}"
EndProject
Project("{FAE04EC0-301F-11D3-BF4B-00C04F79EFBC}") = "Origin.YMC.Localization", "Origin.YMC.Localization\Origin.YMC.Localization.csproj", "{D8450A12-397B-4568-A6DA-2FBAB3C8B869}"
EndProject
Project("{FAE04EC0-301F-11D3-BF4B-00C04F79EFBC}") = "Origin.YMC.Business.Entities", "Origin.YMC.Business.Entities\Origin.YMC.Business.Entities.csproj", "{4AA4DC7B-0EA3-40D1-81ED-460AE3D318C6}"
EndProject
Global
	GlobalSection(SolutionConfigurationPlatforms) = preSolution
		Debug|Any CPU = Debug|Any CPU
		Release|Any CPU = Release|Any CPU
	EndGlobalSection
	GlobalSection(ProjectConfigurationPlatforms) = postSolution
		{8C67A0E0-B54E-4E6B-A254-CCD25B1780D7}.Debug|Any CPU.ActiveCfg = Debug|Any CPU
		{8C67A0E0-B54E-4E6B-A254-CCD25B1780D7}.Debug|Any CPU.Build.0 = Debug|Any CPU
		{8C67A0E0-B54E-4E6B-A254-CCD25B1780D7}.Release|Any CPU.ActiveCfg = Release|Any CPU
		{8C67A0E0-B54E-4E6B-A254-CCD25B1780D7}.Release|Any CPU.Build.0 = Release|Any CPU
		{F3E5EF80-3E62-425D-85D8-88D6A6FC8CB0}.Debug|Any CPU.ActiveCfg = Debug|Any CPU
		{F3E5EF80-3E62-425D-85D8-88D6A6FC8CB0}.Debug|Any CPU.Build.0 = Debug|Any CPU
		{F3E5EF80-3E62-425D-85D8-88D6A6FC8CB0}.Release|Any CPU.ActiveCfg = Release|Any CPU
		{F3E5EF80-3E62-425D-85D8-88D6A6FC8CB0}.Release|Any CPU.Build.0 = Release|Any CPU
		{823BF985-792E-4E63-A147-0EC7AEEA027E}.Debug|Any CPU.ActiveCfg = Debug|Any CPU
		{823BF985-792E-4E63-A147-0EC7AEEA027E}.Debug|Any CPU.Build.0 = Debug|Any CPU
		{823BF985-792E-4E63-A147-0EC7AEEA027E}.Release|Any CPU.ActiveCfg = Release|Any CPU
		{823BF985-792E-4E63-A147-0EC7AEEA027E}.Release|Any CPU.Build.0 = Release|Any CPU
		{7BD66302-3070-4431-B65D-738BA4BF2406}.Debug|Any CPU.ActiveCfg = Debug|Any CPU
		{7BD66302-3070-4431-B65D-738BA4BF2406}.Debug|Any CPU.Build.0 = Debug|Any CPU
		{7BD66302-3070-4431-B65D-738BA4BF2406}.Release|Any CPU.ActiveCfg = Release|Any CPU
		{7BD66302-3070-4431-B65D-738BA4BF2406}.Release|Any CPU.Build.0 = Release|Any CPU
		{8C8FA069-14AA-4EBF-B07D-F7531014EC85}.Debug|Any CPU.ActiveCfg = Debug|Any CPU
		{8C8FA069-14AA-4EBF-B07D-F7531014EC85}.Debug|Any CPU.Build.0 = Debug|Any CPU
		{8C8FA069-14AA-4EBF-B07D-F7531014EC85}.Release|Any CPU.ActiveCfg = Release|Any CPU
		{8C8FA069-14AA-4EBF-B07D-F7531014EC85}.Release|Any CPU.Build.0 = Release|Any CPU
		{49F03F38-A266-4C8C-BA76-81D1B53A1EE4}.Debug|Any CPU.ActiveCfg = Debug|Any CPU
		{49F03F38-A266-4C8C-BA76-81D1B53A1EE4}.Debug|Any CPU.Build.0 = Debug|Any CPU
		{49F03F38-A266-4C8C-BA76-81D1B53A1EE4}.Release|Any CPU.ActiveCfg = Release|Any CPU
		{49F03F38-A266-4C8C-BA76-81D1B53A1EE4}.Release|Any CPU.Build.0 = Release|Any CPU
		{F2F85FF6-E6E7-4F3E-BDF0-79655002208E}.Debug|Any CPU.ActiveCfg = Debug|Any CPU
		{F2F85FF6-E6E7-4F3E-BDF0-79655002208E}.Debug|Any CPU.Build.0 = Debug|Any CPU
		{F2F85FF6-E6E7-4F3E-BDF0-79655002208E}.Release|Any CPU.ActiveCfg = Release|Any CPU
		{F2F85FF6-E6E7-4F3E-BDF0-79655002208E}.Release|Any CPU.Build.0 = Release|Any CPU
		{D8450A12-397B-4568-A6DA-2FBAB3C8B869}.Debug|Any CPU.ActiveCfg = Debug|Any CPU
		{D8450A12-397B-4568-A6DA-2FBAB3C8B869}.Debug|Any CPU.Build.0 = Debug|Any CPU
		{D8450A12-397B-4568-A6DA-2FBAB3C8B869}.Release|Any CPU.ActiveCfg = Release|Any CPU
		{D8450A12-397B-4568-A6DA-2FBAB3C8B869}.Release|Any CPU.Build.0 = Release|Any CPU
		{4AA4DC7B-0EA3-40D1-81ED-460AE3D318C6}.Debug|Any CPU.ActiveCfg = Debug|Any CPU
		{4AA4DC7B-0EA3-40D1-81ED-460AE3D318C6}.Debug|Any CPU.Build.0 = Debug|Any CPU
		{4AA4DC7B-0EA3-40D1-81ED-460AE3D318C6}.Release|Any CPU.ActiveCfg = Release|Any CPU
		{4AA4DC7B-0EA3-40D1-81ED-460AE3D318C6}.Release|Any CPU.Build.0 = Release|Any CPU
	EndGlobalSection
	GlobalSection(SolutionProperties) = preSolution
		HideSolutionNode = FALSE
	EndGlobalSection
	GlobalSection(NestedProjects) = preSolution
		{8C67A0E0-B54E-4E6B-A254-CCD25B1780D7} = {E240A4BC-B2FB-4C52-B520-6C1802A75DA4}
		{F3E5EF80-3E62-425D-85D8-88D6A6FC8CB0} = {ED956749-4EAA-4377-B5D0-4AE26B019BD6}
		{823BF985-792E-4E63-A147-0EC7AEEA027E} = {998DE335-4324-4FDD-BF5F-FF0736D70973}
		{7BD66302-3070-4431-B65D-738BA4BF2406} = {710B5A1B-0DCA-4611-BD19-124E011165EF}
		{8C8FA069-14AA-4EBF-B07D-F7531014EC85} = {1DF40701-72FA-4F7B-BD52-BD631F06B192}
		{49F03F38-A266-4C8C-BA76-81D1B53A1EE4} = {1DF40701-72FA-4F7B-BD52-BD631F06B192}
		{F2F85FF6-E6E7-4F3E-BDF0-79655002208E} = {1DF40701-72FA-4F7B-BD52-BD631F06B192}
		{D8450A12-397B-4568-A6DA-2FBAB3C8B869} = {ED956749-4EAA-4377-B5D0-4AE26B019BD6}
		{4AA4DC7B-0EA3-40D1-81ED-460AE3D318C6} = {E240A4BC-B2FB-4C52-B520-6C1802A75DA4}
	EndGlobalSection
	GlobalSection(ExtensibilityGlobals) = postSolution
		SolutionGuid = {8CFA5866-0102-4018-A769-2A75707E027E}
	EndGlobalSection
EndGlobal
